{
  "name": "@searvora/cli",
  "version": "0.1.2",
  "lockfileVersion": 3,
  "requires": true,
  "packages": {
    "": {
      "name": "@searvora/cli",
      "version": "0.1.2",
      "license": "MIT",
      "bin": {
        "searvora": "src/index.js"
      },
      "engines": {
        "node": ">=18.17.0"
      }
    }
  }
}
